# This file is autogenerated, do not edit; changes may be undone by the next 'dep ensure'.


[[projects]]
  branch = "master"
  digest = "1:7e66c71a994969d452b5ef39d68ac02bc6b88d56241466664e200f36e2175bfd"
  name = "github.com/xiaopal/kube-informer"
  packages = [
    "pkg/appctx",
    "pkg/subreaper",
  ]
  pruneopts = "UT"
  revision = "eea55872e2296c2e027f7a7115b4bf66406bc262"

[solve-meta]
  analyzer-name = "dep"
  analyzer-version = 1
  input-imports = [
    "github.com/xiaopal/kube-informer/pkg/appctx",
    "github.com/xiaopal/kube-informer/pkg/subreaper",
  ]
  solver-name = "gps-cdcl"
  solver-version = 1
